// !$*UTF8*$!
{
	archiveVersion = 1;
	classes = {
	};
	objectVersion = 56;
	objects = {

/* Begin PBXBuildFile section */
		126233A42A31D6A50063E7B0 /* AppDelegate.swift in Sources */ = {isa = PBXBuildFile; fileRef = 126233A32A31D6A50063E7B0 /* AppDelegate.swift */; };
		126233A62A31D6A50063E7B0 /* SceneDelegate.swift in Sources */ = {isa = PBXBuildFile; fileRef = 126233A52A31D6A50063E7B0 /* SceneDelegate.swift */; };
		126233AB2A31D6A50063E7B0 /* Main.storyboard in Resources */ = {isa = PBXBuildFile; fileRef = 126233A92A31D6A50063E7B0 /* Main.storyboard */; };
		126233AE2A31D6A50063E7B0 /* Books_Record_Keeper.xcdatamodeld in Sources */ = {isa = PBXBuildFile; fileRef = 126233AC2A31D6A50063E7B0 /* Books_Record_Keeper.xcdatamodeld */; };
		126233B02A31D6A70063E7B0 /* Assets.xcassets in Resources */ = {isa = PBXBuildFile; fileRef = 126233AF2A31D6A70063E7B0 /* Assets.xcassets */; };
		126233B32A31D6A70063E7B0 /* LaunchScreen.storyboard in Resources */ = {isa = PBXBuildFile; fileRef = 126233B12A31D6A70063E7B0 /* LaunchScreen.storyboard */; };
		126233BB2A31DAE80063E7B0 /* HomeViewController.swift in Sources */ = {isa = PBXBuildFile; fileRef = 126233BA2A31DAE80063E7B0 /* HomeViewController.swift */; };
		126233BF2A31DB440063E7B0 /* HomeContentView.swift in Sources */ = {isa = PBXBuildFile; fileRef = 126233BE2A31DB440063E7B0 /* HomeContentView.swift */; };
		126233C22A31E3B70063E7B0 /* HomeTableViewCell.swift in Sources */ = {isa = PBXBuildFile; fileRef = 126233C02A31E3B70063E7B0 /* HomeTableViewCell.swift */; };
		126233C32A31E3B70063E7B0 /* HomeTableViewCell.xib in Resources */ = {isa = PBXBuildFile; fileRef = 126233C12A31E3B70063E7B0 /* HomeTableViewCell.xib */; };
		126233C62A31E5BC0063E7B0 /* UITableViewCell.swift in Sources */ = {isa = PBXBuildFile; fileRef = 126233C52A31E5BC0063E7B0 /* UITableViewCell.swift */; };
		126233CB2A31FCF50063E7B0 /* Alerts.swift in Sources */ = {isa = PBXBuildFile; fileRef = 126233CA2A31FCF50063E7B0 /* Alerts.swift */; };
		126233CF2A31FEC10063E7B0 /* DummyDatabase.swift in Sources */ = {isa = PBXBuildFile; fileRef = 126233CE2A31FEC10063E7B0 /* DummyDatabase.swift */; };
		126233D12A3202AD0063E7B0 /* HomeViewProtocols.swift in Sources */ = {isa = PBXBuildFile; fileRef = 126233D02A3202AD0063E7B0 /* HomeViewProtocols.swift */; };
		126233D32A32063F0063E7B0 /* UIViewController.swift in Sources */ = {isa = PBXBuildFile; fileRef = 126233D22A32063F0063E7B0 /* UIViewController.swift */; };
/* End PBXBuildFile section */

/* Begin PBXFileReference section */
		126233A02A31D6A50063E7B0 /* Books Record Keeper.app */ = {isa = PBXFileReference; explicitFileType = wrapper.application; includeInIndex = 0; path = "Books Record Keeper.app"; sourceTree = BUILT_PRODUCTS_DIR; };
		126233A32A31D6A50063E7B0 /* AppDelegate.swift */ = {isa = PBXFileReference; lastKnownFileType = sourcecode.swift; path = AppDelegate.swift; sourceTree = "<group>"; };
		126233A52A31D6A50063E7B0 /* SceneDelegate.swift */ = {isa = PBXFileReference; lastKnownFileType = sourcecode.swift; path = SceneDelegate.swift; sourceTree = "<group>"; };
		126233AA2A31D6A50063E7B0 /* Base */ = {isa = PBXFileReference; lastKnownFileType = file.storyboard; name = Base; path = Base.lproj/Main.storyboard; sourceTree = "<group>"; };
		126233AD2A31D6A50063E7B0 /* Books_Record_Keeper.xcdatamodel */ = {isa = PBXFileReference; lastKnownFileType = wrapper.xcdatamodel; path = Books_Record_Keeper.xcdatamodel; sourceTree = "<group>"; };
		126233AF2A31D6A70063E7B0 /* Assets.xcassets */ = {isa = PBXFileReference; lastKnownFileType = folder.assetcatalog; path = Assets.xcassets; sourceTree = "<group>"; };
		126233B22A31D6A70063E7B0 /* Base */ = {isa = PBXFileReference; lastKnownFileType = file.storyboard; name = Base; path = Base.lproj/LaunchScreen.storyboard; sourceTree = "<group>"; };
		126233B42A31D6A70063E7B0 /* Info.plist */ = {isa = PBXFileReference; lastKnownFileType = text.plist.xml; path = Info.plist; sourceTree = "<group>"; };
		126233BA2A31DAE80063E7B0 /* HomeViewController.swift */ = {isa = PBXFileReference; lastKnownFileType = sourcecode.swift; path = HomeViewController.swift; sourceTree = "<group>"; };
		126233BE2A31DB440063E7B0 /* HomeContentView.swift */ = {isa = PBXFileReference; lastKnownFileType = sourcecode.swift; path = HomeContentView.swift; sourceTree = "<group>"; };
		126233C02A31E3B70063E7B0 /* HomeTableViewCell.swift */ = {isa = PBXFileReference; lastKnownFileType = sourcecode.swift; path = HomeTableViewCell.swift; sourceTree = "<group>"; };
		126233C12A31E3B70063E7B0 /* HomeTableViewCell.xib */ = {isa = PBXFileReference; lastKnownFileType = file.xib; path = HomeTableViewCell.xib; sourceTree = "<group>"; };
		126233C52A31E5BC0063E7B0 /* UITableViewCell.swift */ = {isa = PBXFileReference; lastKnownFileType = sourcecode.swift; path = UITableViewCell.swift; sourceTree = "<group>"; };
		126233CA2A31FCF50063E7B0 /* Alerts.swift */ = {isa = PBXFileReference; lastKnownFileType = sourcecode.swift; path = Alerts.swift; sourceTree = "<group>"; };
		126233CE2A31FEC10063E7B0 /* DummyDatabase.swift */ = {isa = PBXFileReference; lastKnownFileType = sourcecode.swift; path = DummyDatabase.swift; sourceTree = "<group>"; };
		126233D02A3202AD0063E7B0 /* HomeViewProtocols.swift */ = {isa = PBXFileReference; lastKnownFileType = sourcecode.swift; path = HomeViewProtocols.swift; sourceTree = "<group>"; };
		126233D22A32063F0063E7B0 /* UIViewController.swift */ = {isa = PBXFileReference; lastKnownFileType = sourcecode.swift; path = UIViewController.swift; sourceTree = "<group>"; };
/* End PBXFileReference section */

/* Begin PBXFrameworksBuildPhase section */
		1262339D2A31D6A50063E7B0 /* Frameworks */ = {
			isa = PBXFrameworksBuildPhase;
			buildActionMask = 2147483647;
			files = (
			);
			runOnlyForDeploymentPostprocessing = 0;
		};
/* End PBXFrameworksBuildPhase section */

/* Begin PBXGroup section */
		126233972A31D6A50063E7B0 = {
			isa = PBXGroup;
			children = (
				126233A22A31D6A50063E7B0 /* Books Record Keeper */,
				126233A12A31D6A50063E7B0 /* Products */,
			);
			sourceTree = "<group>";
		};
		126233A12A31D6A50063E7B0 /* Products */ = {
			isa = PBXGroup;
			children = (
				126233A02A31D6A50063E7B0 /* Books Record Keeper.app */,
			);
			name = Products;
			sourceTree = "<group>";
		};
		126233A22A31D6A50063E7B0 /* Books Record Keeper */ = {
			isa = PBXGroup;
			children = (
				126233A32A31D6A50063E7B0 /* AppDelegate.swift */,
				126233A52A31D6A50063E7B0 /* SceneDelegate.swift */,
				126233A92A31D6A50063E7B0 /* Main.storyboard */,
				126233AF2A31D6A70063E7B0 /* Assets.xcassets */,
				126233B12A31D6A70063E7B0 /* LaunchScreen.storyboard */,
				126233B42A31D6A70063E7B0 /* Info.plist */,
				126233AC2A31D6A50063E7B0 /* Books_Record_Keeper.xcdatamodeld */,
				126233BC2A31DB1C0063E7B0 /* Screens */,
				126233C72A31E5C10063E7B0 /* Extensions */,
				126233CA2A31FCF50063E7B0 /* Alerts.swift */,
				126233CE2A31FEC10063E7B0 /* DummyDatabase.swift */,
			);
			path = "Books Record Keeper";
			sourceTree = "<group>";
		};
		126233BC2A31DB1C0063E7B0 /* Screens */ = {
			isa = PBXGroup;
			children = (
				126233BD2A31DB250063E7B0 /* Home */,
			);
			path = Screens;
			sourceTree = "<group>";
		};
		126233BD2A31DB250063E7B0 /* Home */ = {
			isa = PBXGroup;
			children = (
				126233BA2A31DAE80063E7B0 /* HomeViewController.swift */,
				126233BE2A31DB440063E7B0 /* HomeContentView.swift */,
				126233C42A31E3D70063E7B0 /* HomeTableViewCell */,
				126233D02A3202AD0063E7B0 /* HomeViewProtocols.swift */,
			);
			path = Home;
			sourceTree = "<group>";
		};
		126233C42A31E3D70063E7B0 /* HomeTableViewCell */ = {
			isa = PBXGroup;
			children = (
				126233C02A31E3B70063E7B0 /* HomeTableViewCell.swift */,
				126233C12A31E3B70063E7B0 /* HomeTableViewCell.xib */,
			);
			path = HomeTableViewCell;
			sourceTree = "<group>";
		};
		126233C72A31E5C10063E7B0 /* Extensions */ = {
			isa = PBXGroup;
			children = (
				126233C52A31E5BC0063E7B0 /* UITableViewCell.swift */,
				126233D22A32063F0063E7B0 /* UIViewController.swift */,
			);
			path = Extensions;
			sourceTree = "<group>";
		};
/* End PBXGroup section */

/* Begin PBXNativeTarget section */
		1262339F2A31D6A50063E7B0 /* Books Record Keeper */ = {
			isa = PBXNativeTarget;
			buildConfigurationList = 126233B72A31D6A70063E7B0 /* Build configuration list for PBXNativeTarget "Books Record Keeper" */;
			buildPhases = (
				1262339C2A31D6A50063E7B0 /* Sources */,
				1262339D2A31D6A50063E7B0 /* Frameworks */,
				1262339E2A31D6A50063E7B0 /* Resources */,
			);
			buildRules = (
			);
			dependencies = (
			);
			name = "Books Record Keeper";
			productName = "Books Record Keeper";
			productReference = 126233A02A31D6A50063E7B0 /* Books Record Keeper.app */;
			productType = "com.apple.product-type.application";
		};
/* End PBXNativeTarget section */

/* Begin PBXProject section */
		126233982A31D6A50063E7B0 /* Project object */ = {
			isa = PBXProject;
			attributes = {
				BuildIndependentTargetsInParallel = 1;
				LastSwiftUpdateCheck = 1400;
				LastUpgradeCheck = 1400;
				TargetAttributes = {
					1262339F2A31D6A50063E7B0 = {
						CreatedOnToolsVersion = 14.0;
					};
				};
			};
			buildConfigurationList = 1262339B2A31D6A50063E7B0 /* Build configuration list for PBXProject "Books Record Keeper" */;
			compatibilityVersion = "Xcode 14.0";
			developmentRegion = en;
			hasScannedForEncodings = 0;
			knownRegions = (
				en,
				Base,
			);
			mainGroup = 126233972A31D6A50063E7B0;
			productRefGroup = 126233A12A31D6A50063E7B0 /* Products */;
			projectDirPath = "";
			projectRoot = "";
			targets = (
				1262339F2A31D6A50063E7B0 /* Books Record Keeper */,
			);
		};
/* End PBXProject section */

/* Begin PBXResourcesBuildPhase section */
		1262339E2A31D6A50063E7B0 /* Resources */ = {
			isa = PBXResourcesBuildPhase;
			buildActionMask = 2147483647;
			files = (
				126233B32A31D6A70063E7B0 /* LaunchScreen.storyboard in Resources */,
				126233B02A31D6A70063E7B0 /* Assets.xcassets in Resources */,
				126233C32A31E3B70063E7B0 /* HomeTableViewCell.xib in Resources */,
				126233AB2A31D6A50063E7B0 /* Main.storyboard in Resources */,
			);
			runOnlyForDeploymentPostprocessing = 0;
		};
/* End PBXResourcesBuildPhase section */

/* Begin PBXSourcesBuildPhase section */
		1262339C2A31D6A50063E7B0 /* Sources */ = {
			isa = PBXSourcesBuildPhase;
			buildActionMask = 2147483647;
			files = (
				126233C22A31E3B70063E7B0 /* HomeTableViewCell.swift in Sources */,
				126233BB2A31DAE80063E7B0 /* HomeViewController.swift in Sources */,
				126233CF2A31FEC10063E7B0 /* DummyDatabase.swift in Sources */,
				126233D32A32063F0063E7B0 /* UIViewController.swift in Sources */,
				126233CB2A31FCF50063E7B0 /* Alerts.swift in Sources */,
				126233A42A31D6A50063E7B0 /* AppDelegate.swift in Sources */,
				126233AE2A31D6A50063E7B0 /* Books_Record_Keeper.xcdatamodeld in Sources */,
				126233BF2A31DB440063E7B0 /* HomeContentView.swift in Sources */,
				126233C62A31E5BC0063E7B0 /* UITableViewCell.swift in Sources */,
				126233A62A31D6A50063E7B0 /* SceneDelegate.swift in Sources */,
				126233D12A3202AD0063E7B0 /* HomeViewProtocols.swift in Sources */,
			);
			runOnlyForDeploymentPostprocessing = 0;
		};
/* End PBXSourcesBuildPhase section */

/* Begin PBXVariantGroup section */
		126233A92A31D6A50063E7B0 /* Main.storyboard */ = {
			isa = PBXVariantGroup;
			children = (
				126233AA2A31D6A50063E7B0 /* Base */,
			);
			name = Main.storyboard;
			sourceTree = "<group>";
		};
		126233B12A31D6A70063E7B0 /* LaunchScreen.storyboard */ = {
			isa = PBXVariantGroup;
			children = (
				126233B22A31D6A70063E7B0 /* Base */,
			);
			name = LaunchScreen.storyboard;
			sourceTree = "<group>";
		};
/* End PBXVariantGroup section */

/* Begin XCBuildConfiguration section */
		126233B52A31D6A70063E7B0 /* Debug */ = {
			isa = XCBuildConfiguration;
			buildSettings = {
				ALWAYS_SEARCH_USER_PATHS = NO;
				CLANG_ANALYZER_NONNULL = YES;
				CLANG_ANALYZER_NUMBER_OBJECT_CONVERSION = YES_AGGRESSIVE;
				CLANG_CXX_LANGUAGE_STANDARD = "gnu++20";
				CLANG_ENABLE_MODULES = YES;
				CLANG_ENABLE_OBJC_ARC = YES;
				CLANG_ENABLE_OBJC_WEAK = YES;
				CLANG_WARN_BLOCK_CAPTURE_AUTORELEASING = YES;
				CLANG_WARN_BOOL_CONVERSION = YES;
				CLANG_WARN_COMMA = YES;
				CLANG_WARN_CONSTANT_CONVERSION = YES;
				CLANG_WARN_DEPRECATED_OBJC_IMPLEMENTATIONS = YES;
				CLANG_WARN_DIRECT_OBJC_ISA_USAGE = YES_ERROR;
				CLANG_WARN_DOCUMENTATION_COMMENTS = YES;
				CLANG_WARN_EMPTY_BODY = YES;
				CLANG_WARN_ENUM_CONVERSION = YES;
				CLANG_WARN_INFINITE_RECURSION = YES;
				CLANG_WARN_INT_CONVERSION = YES;
				CLANG_WARN_NON_LITERAL_NULL_CONVERSION = YES;
				CLANG_WARN_OBJC_IMPLICIT_RETAIN_SELF = YES;
				CLANG_WARN_OBJC_LITERAL_CONVERSION = YES;
				CLANG_WARN_OBJC_ROOT_CLASS = YES_ERROR;
				CLANG_WARN_QUOTED_INCLUDE_IN_FRAMEWORK_HEADER = YES;
				CLANG_WARN_RANGE_LOOP_ANALYSIS = YES;
				CLANG_WARN_STRICT_PROTOTYPES = YES;
				CLANG_WARN_SUSPICIOUS_MOVE = YES;
				CLANG_WARN_UNGUARDED_AVAILABILITY = YES_AGGRESSIVE;
				CLANG_WARN_UNREACHABLE_CODE = YES;
				CLANG_WARN__DUPLICATE_METHOD_MATCH = YES;
				COPY_PHASE_STRIP = NO;
				DEBUG_INFORMATION_FORMAT = dwarf;
				ENABLE_STRICT_OBJC_MSGSEND = YES;
				ENABLE_TESTABILITY = YES;
				GCC_C_LANGUAGE_STANDARD = gnu11;
				GCC_DYNAMIC_NO_PIC = NO;
				GCC_NO_COMMON_BLOCKS = YES;
				GCC_OPTIMIZATION_LEVEL = 0;
				GCC_PREPROCESSOR_DEFINITIONS = (
					"DEBUG=1",
					"$(inherited)",
				);
				GCC_WARN_64_TO_32_BIT_CONVERSION = YES;
				GCC_WARN_ABOUT_RETURN_TYPE = YES_ERROR;
				GCC_WARN_UNDECLARED_SELECTOR = YES;
				GCC_WARN_UNINITIALIZED_AUTOS = YES_AGGRESSIVE;
				GCC_WARN_UNUSED_FUNCTION = YES;
				GCC_WARN_UNUSED_VARIABLE = YES;
				IPHONEOS_DEPLOYMENT_TARGET = 16.0;
				MTL_ENABLE_DEBUG_INFO = INCLUDE_SOURCE;
				MTL_FAST_MATH = YES;
				ONLY_ACTIVE_ARCH = YES;
				SDKROOT = iphoneos;
				SWIFT_ACTIVE_COMPILATION_CONDITIONS = DEBUG;
				SWIFT_OPTIMIZATION_LEVEL = "-Onone";
			};
			name = Debug;
		};
		126233B62A31D6A70063E7B0 /* Release */ = {
			isa = XCBuildConfiguration;
			buildSettings = {
				ALWAYS_SEARCH_USER_PATHS = NO;
				CLANG_ANALYZER_NONNULL = YES;
				CLANG_ANALYZER_NUMBER_OBJECT_CONVERSION = YES_AGGRESSIVE;
				CLANG_CXX_LANGUAGE_STANDARD = "gnu++20";
				CLANG_ENABLE_MODULES = YES;
				CLANG_ENABLE_OBJC_ARC = YES;
				CLANG_ENABLE_OBJC_WEAK = YES;
				CLANG_WARN_BLOCK_CAPTURE_AUTORELEASING = YES;
				CLANG_WARN_BOOL_CONVERSION = YES;
				CLANG_WARN_COMMA = YES;
				CLANG_WARN_CONSTANT_CONVERSION = YES;
				CLANG_WARN_DEPRECATED_OBJC_IMPLEMENTATIONS = YES;
				CLANG_WARN_DIRECT_OBJC_ISA_USAGE = YES_ERROR;
				CLANG_WARN_DOCUMENTATION_COMMENTS = YES;
				CLANG_WARN_EMPTY_BODY = YES;
				CLANG_WARN_ENUM_CONVERSION = YES;
				CLANG_WARN_INFINITE_RECURSION = YES;
				CLANG_WARN_INT_CONVERSION = YES;
				CLANG_WARN_NON_LITERAL_NULL_CONVERSION = YES;
				CLANG_WARN_OBJC_IMPLICIT_RETAIN_SELF = YES;
				CLANG_WARN_OBJC_LITERAL_CONVERSION = YES;
				CLANG_WARN_OBJC_ROOT_CLASS = YES_ERROR;
				CLANG_WARN_QUOTED_INCLUDE_IN_FRAMEWORK_HEADER = YES;
				CLANG_WARN_RANGE_LOOP_ANALYSIS = YES;
				CLANG_WARN_STRICT_PROTOTYPES = YES;
				CLANG_WARN_SUSPICIOUS_MOVE = YES;
				CLANG_WARN_UNGUARDED_AVAILABILITY = YES_AGGRESSIVE;
				CLANG_WARN_UNREACHABLE_CODE = YES;
				CLANG_WARN__DUPLICATE_METHOD_MATCH = YES;
				COPY_PHASE_STRIP = NO;
				DEBUG_INFORMATION_FORMAT = "dwarf-with-dsym";
				ENABLE_NS_ASSERTIONS = NO;
				ENABLE_STRICT_OBJC_MSGSEND = YES;
				GCC_C_LANGUAGE_STANDARD = gnu11;
				GCC_NO_COMMON_BLOCKS = YES;
				GCC_WARN_64_TO_32_BIT_CONVERSION = YES;
				GCC_WARN_ABOUT_RETURN_TYPE = YES_ERROR;
				GCC_WARN_UNDECLARED_SELECTOR = YES;
				GCC_WARN_UNINITIALIZED_AUTOS = YES_AGGRESSIVE;
				GCC_WARN_UNUSED_FUNCTION = YES;
				GCC_WARN_UNUSED_VARIABLE = YES;
				IPHONEOS_DEPLOYMENT_TARGET = 16.0;
				MTL_ENABLE_DEBUG_INFO = NO;
				MTL_FAST_MATH = YES;
				SDKROOT = iphoneos;
				SWIFT_COMPILATION_MODE = wholemodule;
				SWIFT_OPTIMIZATION_LEVEL = "-O";
				VALIDATE_PRODUCT = YES;
			};
			name = Release;
		};
		126233B82A31D6A70063E7B0 /* Debug */ = {
			isa = XCBuildConfiguration;
			buildSettings = {
				ASSETCATALOG_COMPILER_APPICON_NAME = AppIcon;
				ASSETCATALOG_COMPILER_GLOBAL_ACCENT_COLOR_NAME = AccentColor;
				CODE_SIGN_STYLE = Automatic;
				CURRENT_PROJECT_VERSION = 1;
				DEVELOPMENT_TEAM = C2V5J4RN72;
				GENERATE_INFOPLIST_FILE = YES;
				INFOPLIST_FILE = "Books Record Keeper/Info.plist";
				INFOPLIST_KEY_UIApplicationSupportsIndirectInputEvents = YES;
				INFOPLIST_KEY_UILaunchStoryboardName = LaunchScreen;
				INFOPLIST_KEY_UIMainStoryboardFile = Main;
				INFOPLIST_KEY_UISupportedInterfaceOrientations_iPad = "UIInterfaceOrientationPortrait UIInterfaceOrientationPortraitUpsideDown UIInterfaceOrientationLandscapeLeft UIInterfaceOrientationLandscapeRight";
				INFOPLIST_KEY_UISupportedInterfaceOrientations_iPhone = "UIInterfaceOrientationPortrait UIInterfaceOrientationLandscapeLeft UIInterfaceOrientationLandscapeRight";
				LD_RUNPATH_SEARCH_PATHS = (
					"$(inherited)",
					"@executable_path/Frameworks",
				);
				MARKETING_VERSION = 1.0;
				PRODUCT_BUNDLE_IDENTIFIER = "com.testcompany.testproject.Books-Record-Keeper";
				PRODUCT_NAME = "$(TARGET_NAME)";
				SWIFT_EMIT_LOC_STRINGS = YES;
				SWIFT_VERSION = 5.0;
				TARGETED_DEVICE_FAMILY = "1,2";
			};
			name = Debug;
		};
		126233B92A31D6A70063E7B0 /* Release */ = {
			isa = XCBuildConfiguration;
			buildSettings = {
				ASSETCATALOG_COMPILER_APPICON_NAME = AppIcon;
				ASSETCATALOG_COMPILER_GLOBAL_ACCENT_COLOR_NAME = AccentColor;
				CODE_SIGN_STYLE = Automatic;
				CURRENT_PROJECT_VERSION = 1;
				DEVELOPMENT_TEAM = C2V5J4RN72;
				GENERATE_INFOPLIST_FILE = YES;
				INFOPLIST_FILE = "Books Record Keeper/Info.plist";
				INFOPLIST_KEY_UIApplicationSupportsIndirectInputEvents = YES;
				INFOPLIST_KEY_UILaunchStoryboardName = LaunchScreen;
				INFOPLIST_KEY_UIMainStoryboardFile = Main;
				INFOPLIST_KEY_UISupportedInterfaceOrientations_iPad = "UIInterfaceOrientationPortrait UIInterfaceOrientationPortraitUpsideDown UIInterfaceOrientationLandscapeLeft UIInterfaceOrientationLandscapeRight";
				INFOPLIST_KEY_UISupportedInterfaceOrientations_iPhone = "UIInterfaceOrientationPortrait UIInterfaceOrientationLandscapeLeft UIInterfaceOrientationLandscapeRight";
				LD_RUNPATH_SEARCH_PATHS = (
					"$(inherited)",
					"@executable_path/Frameworks",
				);
				MARKETING_VERSION = 1.0;
				PRODUCT_BUNDLE_IDENTIFIER = "com.testcompany.testproject.Books-Record-Keeper";
				PRODUCT_NAME = "$(TARGET_NAME)";
				SWIFT_EMIT_LOC_STRINGS = YES;
				SWIFT_VERSION = 5.0;
				TARGETED_DEVICE_FAMILY = "1,2";
			};
			name = Release;
		};
/* End XCBuildConfiguration section */

/* Begin XCConfigurationList section */
		1262339B2A31D6A50063E7B0 /* Build configuration list for PBXProject "Books Record Keeper" */ = {
			isa = XCConfigurationList;
			buildConfigurations = (
				126233B52A31D6A70063E7B0 /* Debug */,
				126233B62A31D6A70063E7B0 /* Release */,
			);
			defaultConfigurationIsVisible = 0;
			defaultConfigurationName = Release;
		};
		126233B72A31D6A70063E7B0 /* Build configuration list for PBXNativeTarget "Books Record Keeper" */ = {
			isa = XCConfigurationList;
			buildConfigurations = (
				126233B82A31D6A70063E7B0 /* Debug */,
				126233B92A31D6A70063E7B0 /* Release */,
			);
			defaultConfigurationIsVisible = 0;
			defaultConfigurationName = Release;
		};
/* End XCConfigurationList section */

/* Begin XCVersionGroup section */
		126233AC2A31D6A50063E7B0 /* Books_Record_Keeper.xcdatamodeld */ = {
			isa = XCVersionGroup;
			children = (
				126233AD2A31D6A50063E7B0 /* Books_Record_Keeper.xcdatamodel */,
			);
			currentVersion = 126233AD2A31D6A50063E7B0 /* Books_Record_Keeper.xcdatamodel */;
			path = Books_Record_Keeper.xcdatamodeld;
			sourceTree = "<group>";
			versionGroupType = wrapper.xcdatamodel;
		};
/* End XCVersionGroup section */
	};
	rootObject = 126233982A31D6A50063E7B0 /* Project object */;
}
